
Microsoft Visual Studio Solution File, Format Version 12.00
# Visual Studio Version 17
VisualStudioVersion = 17.10.35122.118
MinimumVisualStudioVersion = 10.0.40219.1
Project("{FAE04EC0-301F-11D3-BF4B-00C04F79EFBC}") = "Escuelas-c#", "Escuelas-c#\Escuelas-c#.csproj", "{387FDD90-F14D-4E90-AC19-729D85F83073}"
EndProject
Global
	GlobalSection(SolutionConfigurationPlatforms) = preSolution
		Debug|Any CPU = Debug|Any CPU
		Release|Any CPU = Release|Any CPU
	EndGlobalSection
	GlobalSection(ProjectConfigurationPlatforms) = postSolution
		{387FDD90-F14D-4E90-AC19-729D85F83073}.Debug|Any CPU.ActiveCfg = Debug|Any CPU
		{387FDD90-F14D-4E90-AC19-729D85F83073}.Debug|Any CPU.Build.0 = Debug|Any CPU
		{387FDD90-F14D-4E90-AC19-729D85F83073}.Release|Any CPU.ActiveCfg = Release|Any CPU
		{387FDD90-F14D-4E90-AC19-729D85F83073}.Release|Any CPU.Build.0 = Release|Any CPU
	EndGlobalSection
	GlobalSection(SolutionProperties) = preSolution
		HideSolutionNode = FALSE
	EndGlobalSection
	GlobalSection(ExtensibilityGlobals) = postSolution
		SolutionGuid = {88349DCB-8600-4863-84FE-48D3E073764E}
	EndGlobalSection
EndGlobal
